
Microsoft Visual Studio Solution File, Format Version 12.00
# Visual Studio Version 16
VisualStudioVersion = 16.0.30011.22
MinimumVisualStudioVersion = 10.0.40219.1
Project("{FAE04EC0-301F-11D3-BF4B-00C04F79EFBC}") = "Books.API", "Books.API\Books.API.csproj", "{47845075-41C1-4A28-8BFE-E04FA2A26BE8}"
EndProject
Global
	GlobalSection(SolutionConfigurationPlatforms) = preSolution
		Debug|Any CPU = Debug|Any CPU
		Release|Any CPU = Release|Any CPU
	EndGlobalSection
	GlobalSection(ProjectConfigurationPlatforms) = postSolution
		{47845075-41C1-4A28-8BFE-E04FA2A26BE8}.Debug|Any CPU.ActiveCfg = Debug|Any CPU
		{47845075-41C1-4A28-8BFE-E04FA2A26BE8}.Debug|Any CPU.Build.0 = Debug|Any CPU
		{47845075-41C1-4A28-8BFE-E04FA2A26BE8}.Release|Any CPU.ActiveCfg = Release|Any CPU
		{47845075-41C1-4A28-8BFE-E04FA2A26BE8}.Release|Any CPU.Build.0 = Release|Any CPU
	EndGlobalSection
	GlobalSection(SolutionProperties) = preSolution
		HideSolutionNode = FALSE
	EndGlobalSection
	GlobalSection(ExtensibilityGlobals) = postSolution
		SolutionGuid = {0892E734-611B-4164-8296-A4A9C8321C62}
	EndGlobalSection
EndGlobal
